
Microsoft Visual Studio Solution File, Format Version 12.00
# Visual Studio Version 16
VisualStudioVersion = 16.0.30114.105
MinimumVisualStudioVersion = 10.0.40219.1
Project("{FAE04EC0-301F-11D3-BF4B-00C04F79EFBC}") = "Assignment 2E", "Assignment 2E.csproj", "{E01CF9C4-2C29-445D-8222-2B920E0B0075}"
EndProject
Global
	GlobalSection(SolutionConfigurationPlatforms) = preSolution
		Debug|Any CPU = Debug|Any CPU
		Release|Any CPU = Release|Any CPU
	EndGlobalSection
	GlobalSection(ProjectConfigurationPlatforms) = postSolution
		{E01CF9C4-2C29-445D-8222-2B920E0B0075}.Debug|Any CPU.ActiveCfg = Debug|Any CPU
		{E01CF9C4-2C29-445D-8222-2B920E0B0075}.Debug|Any CPU.Build.0 = Debug|Any CPU
		{E01CF9C4-2C29-445D-8222-2B920E0B0075}.Release|Any CPU.ActiveCfg = Release|Any CPU
		{E01CF9C4-2C29-445D-8222-2B920E0B0075}.Release|Any CPU.Build.0 = Release|Any CPU
	EndGlobalSection
	GlobalSection(SolutionProperties) = preSolution
		HideSolutionNode = FALSE
	EndGlobalSection
	GlobalSection(ExtensibilityGlobals) = postSolution
		SolutionGuid = {1AF52799-D906-4C96-B294-F8D6CBB4C0B5}
	EndGlobalSection
EndGlobal
